
Microsoft Visual Studio Solution File, Format Version 12.00
# Visual Studio Version 16
VisualStudioVersion = 16.0.30804.86
MinimumVisualStudioVersion = 10.0.40219.1
Project("{FAE04EC0-301F-11D3-BF4B-00C04F79EFBC}") = "Media Lejatszo", "Media Lejatszo\Media Lejatszo.csproj", "{D253902D-D538-4352-926F-493010B21C66}"
EndProject
Global
	GlobalSection(SolutionConfigurationPlatforms) = preSolution
		Debug|Any CPU = Debug|Any CPU
		Release|Any CPU = Release|Any CPU
	EndGlobalSection
	GlobalSection(ProjectConfigurationPlatforms) = postSolution
		{D253902D-D538-4352-926F-493010B21C66}.Debug|Any CPU.ActiveCfg = Debug|Any CPU
		{D253902D-D538-4352-926F-493010B21C66}.Debug|Any CPU.Build.0 = Debug|Any CPU
		{D253902D-D538-4352-926F-493010B21C66}.Release|Any CPU.ActiveCfg = Release|Any CPU
		{D253902D-D538-4352-926F-493010B21C66}.Release|Any CPU.Build.0 = Release|Any CPU
	EndGlobalSection
	GlobalSection(SolutionProperties) = preSolution
		HideSolutionNode = FALSE
	EndGlobalSection
	GlobalSection(ExtensibilityGlobals) = postSolution
		SolutionGuid = {D4921EC8-75D1-4DD5-BC97-0A97AF71FBF9}
	EndGlobalSection
EndGlobal
